
Microsoft Visual Studio Solution File, Format Version 12.00
# Visual Studio 2017
Project("{FAE04EC0-301F-11D3-BF4B-00C04F79EFBC}") = "EcoSystem", "EcoSystem.csproj", "{6E1A369A-A33C-069C-73E3-D01BD986FE5D}"
EndProject
Project("{FAE04EC0-301F-11D3-BF4B-00C04F79EFBC}") = "EcoSystem.Editor", "EcoSystem.Editor.csproj", "{4704B49E-F55C-9377-411A-B725B0244E93}"
EndProject
Global
	GlobalSection(SolutionConfigurationPlatforms) = preSolution
		Debug|Any CPU = Debug|Any CPU
		Release|Any CPU = Release|Any CPU
	EndGlobalSection
	GlobalSection(ProjectConfigurationPlatforms) = postSolution
		{6E1A369A-A33C-069C-73E3-D01BD986FE5D}.Debug|Any CPU.ActiveCfg = Debug|Any CPU
		{6E1A369A-A33C-069C-73E3-D01BD986FE5D}.Debug|Any CPU.Build.0 = Debug|Any CPU
		{6E1A369A-A33C-069C-73E3-D01BD986FE5D}.Release|Any CPU.ActiveCfg = Release|Any CPU
		{6E1A369A-A33C-069C-73E3-D01BD986FE5D}.Release|Any CPU.Build.0 = Release|Any CPU
		{4704B49E-F55C-9377-411A-B725B0244E93}.Debug|Any CPU.ActiveCfg = Debug|Any CPU
		{4704B49E-F55C-9377-411A-B725B0244E93}.Debug|Any CPU.Build.0 = Debug|Any CPU
		{4704B49E-F55C-9377-411A-B725B0244E93}.Release|Any CPU.ActiveCfg = Release|Any CPU
		{4704B49E-F55C-9377-411A-B725B0244E93}.Release|Any CPU.Build.0 = Release|Any CPU
	EndGlobalSection
	GlobalSection(SolutionProperties) = preSolution
		HideSolutionNode = FALSE
	EndGlobalSection
EndGlobal
